// !$*UTF8*$!
{
	archiveVersion = 1;
	classes = {
	};
	objectVersion = 56;
	objects = {

/* Begin PBXBuildFile section */
		85C83A5995E702A4793B398C /* Pods_BookSearchAppSwiftUI.framework in Frameworks */ = {isa = PBXBuildFile; fileRef = C29BD669B6BE061443266B0D /* Pods_BookSearchAppSwiftUI.framework */; };
		B11C8CDB188DFA4970267F29 /* Pods_BookSearchAppSwiftUI_BookSearchAppSwiftUIUITests.framework in Frameworks */ = {isa = PBXBuildFile; fileRef = 49F6A8D83D1BA9DBB1B5CF1A /* Pods_BookSearchAppSwiftUI_BookSearchAppSwiftUIUITests.framework */; };
		B43F072A4760AB456E674759 /* Pods_BookSearchAppSwiftUITests.framework in Frameworks */ = {isa = PBXBuildFile; fileRef = 950A1C6FC3399023FF604DD3 /* Pods_BookSearchAppSwiftUITests.framework */; };
		B7AEA24E2A282664009069C6 /* BookSearchAppSwiftUIApp.swift in Sources */ = {isa = PBXBuildFile; fileRef = B7AEA24D2A282664009069C6 /* BookSearchAppSwiftUIApp.swift */; };
		B7AEA2522A282665009069C6 /* Assets.xcassets in Resources */ = {isa = PBXBuildFile; fileRef = B7AEA2512A282665009069C6 /* Assets.xcassets */; };
		B7AEA2552A282665009069C6 /* Preview Assets.xcassets in Resources */ = {isa = PBXBuildFile; fileRef = B7AEA2542A282665009069C6 /* Preview Assets.xcassets */; };
		B7AEA25F2A282666009069C6 /* BookSearchAppSwiftUITests.swift in Sources */ = {isa = PBXBuildFile; fileRef = B7AEA25E2A282666009069C6 /* BookSearchAppSwiftUITests.swift */; };
		B7AEA2692A282666009069C6 /* BookSearchAppSwiftUIUITests.swift in Sources */ = {isa = PBXBuildFile; fileRef = B7AEA2682A282666009069C6 /* BookSearchAppSwiftUIUITests.swift */; };
		B7AEA26B2A282666009069C6 /* BookSearchAppSwiftUIUITestsLaunchTests.swift in Sources */ = {isa = PBXBuildFile; fileRef = B7AEA26A2A282666009069C6 /* BookSearchAppSwiftUIUITestsLaunchTests.swift */; };
		B7AEA2812A29B9E9009069C6 /* Constants.swift in Sources */ = {isa = PBXBuildFile; fileRef = B7AEA2802A29B9E9009069C6 /* Constants.swift */; };
		B7D981582A31FC5700EF725F /* BooksSearchResponceModel.swift in Sources */ = {isa = PBXBuildFile; fileRef = B7D981572A31FC5700EF725F /* BooksSearchResponceModel.swift */; };
		B7D981612A344CB300EF725F /* PKHUDView.swift in Sources */ = {isa = PBXBuildFile; fileRef = B7D981602A344CB300EF725F /* PKHUDView.swift */; };
		B7D981642A344CE300EF725F /* PKHUDModifire.swift in Sources */ = {isa = PBXBuildFile; fileRef = B7D981632A344CE300EF725F /* PKHUDModifire.swift */; };
		B7D981672A344D0300EF725F /* PKHUD.swift in Sources */ = {isa = PBXBuildFile; fileRef = B7D981662A344D0300EF725F /* PKHUD.swift */; };
		B7D9816F2A34A20F00EF725F /* RealmBookData.swift in Sources */ = {isa = PBXBuildFile; fileRef = B7D9816E2A34A20F00EF725F /* RealmBookData.swift */; };
		B7D981712A34A2E000EF725F /* RealmViewModel.swift in Sources */ = {isa = PBXBuildFile; fileRef = B7D981702A34A2E000EF725F /* RealmViewModel.swift */; };
		B7D981732A34A31400EF725F /* RealmBookModel.swift in Sources */ = {isa = PBXBuildFile; fileRef = B7D981722A34A31400EF725F /* RealmBookModel.swift */; };
		B7D981762A35A88F00EF725F /* AlertEntity.swift in Sources */ = {isa = PBXBuildFile; fileRef = B7D981752A35A88F00EF725F /* AlertEntity.swift */; };
		B7D981782A35A8A500EF725F /* CustomAlertView.swift in Sources */ = {isa = PBXBuildFile; fileRef = B7D981772A35A8A500EF725F /* CustomAlertView.swift */; };
		B7D9817A2A35AB7C00EF725F /* Extensions.swift in Sources */ = {isa = PBXBuildFile; fileRef = B7D981792A35AB7C00EF725F /* Extensions.swift */; };
		B7D9817C2A35AE6300EF725F /* AlertViewModel.swift in Sources */ = {isa = PBXBuildFile; fileRef = B7D9817B2A35AE6300EF725F /* AlertViewModel.swift */; };
		B7EAA57C2AAA0BEC00082737 /* APIClient.swift in Sources */ = {isa = PBXBuildFile; fileRef = B7EAA57A2AAA0BEC00082737 /* APIClient.swift */; };
		B7EAA57D2AAA0BEC00082737 /* APIRequest.swift in Sources */ = {isa = PBXBuildFile; fileRef = B7EAA57B2AAA0BEC00082737 /* APIRequest.swift */; };
		B7EAA5862AAA0BF700082737 /* BookDetailView.swift in Sources */ = {isa = PBXBuildFile; fileRef = B7EAA57F2AAA0BF700082737 /* BookDetailView.swift */; };
		B7EAA5872AAA0BF700082737 /* EmptyView.swift in Sources */ = {isa = PBXBuildFile; fileRef = B7EAA5802AAA0BF700082737 /* EmptyView.swift */; };
		B7EAA5882AAA0BF700082737 /* BooksListView.swift in Sources */ = {isa = PBXBuildFile; fileRef = B7EAA5812AAA0BF700082737 /* BooksListView.swift */; };
		B7EAA5892AAA0BF700082737 /* BookDescriptionView.swift in Sources */ = {isa = PBXBuildFile; fileRef = B7EAA5822AAA0BF700082737 /* BookDescriptionView.swift */; };
		B7EAA58A2AAA0BF700082737 /* BookListViewModel.swift in Sources */ = {isa = PBXBuildFile; fileRef = B7EAA5832AAA0BF700082737 /* BookListViewModel.swift */; };
		B7EAA58B2AAA0BF700082737 /* ContentView.swift in Sources */ = {isa = PBXBuildFile; fileRef = B7EAA5842AAA0BF700082737 /* ContentView.swift */; };
		B7EAA58C2AAA0BF700082737 /* FavoritesListView.swift in Sources */ = {isa = PBXBuildFile; fileRef = B7EAA5852AAA0BF700082737 /* FavoritesListView.swift */; };
/* End PBXBuildFile section */

/* Begin PBXContainerItemProxy section */
		B7AEA25B2A282666009069C6 /* PBXContainerItemProxy */ = {
			isa = PBXContainerItemProxy;
			containerPortal = B7AEA2422A282664009069C6 /* Project object */;
			proxyType = 1;
			remoteGlobalIDString = B7AEA2492A282664009069C6;
			remoteInfo = BookSearchAppSwiftUI;
		};
		B7AEA2652A282666009069C6 /* PBXContainerItemProxy */ = {
			isa = PBXContainerItemProxy;
			containerPortal = B7AEA2422A282664009069C6 /* Project object */;
			proxyType = 1;
			remoteGlobalIDString = B7AEA2492A282664009069C6;
			remoteInfo = BookSearchAppSwiftUI;
		};
/* End PBXContainerItemProxy section */

/* Begin PBXFileReference section */
		19248B96EAFCCEB2673281DF /* Pods-BookSearchAppSwiftUI-BookSearchAppSwiftUIUITests.debug.xcconfig */ = {isa = PBXFileReference; includeInIndex = 1; lastKnownFileType = text.xcconfig; name = "Pods-BookSearchAppSwiftUI-BookSearchAppSwiftUIUITests.debug.xcconfig"; path = "Target Support Files/Pods-BookSearchAppSwiftUI-BookSearchAppSwiftUIUITests/Pods-BookSearchAppSwiftUI-BookSearchAppSwiftUIUITests.debug.xcconfig"; sourceTree = "<group>"; };
		3A40A576E96D2937F320D264 /* Pods-BookSearchAppSwiftUI.debug.xcconfig */ = {isa = PBXFileReference; includeInIndex = 1; lastKnownFileType = text.xcconfig; name = "Pods-BookSearchAppSwiftUI.debug.xcconfig"; path = "Target Support Files/Pods-BookSearchAppSwiftUI/Pods-BookSearchAppSwiftUI.debug.xcconfig"; sourceTree = "<group>"; };
		49F6A8D83D1BA9DBB1B5CF1A /* Pods_BookSearchAppSwiftUI_BookSearchAppSwiftUIUITests.framework */ = {isa = PBXFileReference; explicitFileType = wrapper.framework; includeInIndex = 0; path = Pods_BookSearchAppSwiftUI_BookSearchAppSwiftUIUITests.framework; sourceTree = BUILT_PRODUCTS_DIR; };
		87A297111F29E217D5DABF98 /* Pods-BookSearchAppSwiftUI.release.xcconfig */ = {isa = PBXFileReference; includeInIndex = 1; lastKnownFileType = text.xcconfig; name = "Pods-BookSearchAppSwiftUI.release.xcconfig"; path = "Target Support Files/Pods-BookSearchAppSwiftUI/Pods-BookSearchAppSwiftUI.release.xcconfig"; sourceTree = "<group>"; };
		950A1C6FC3399023FF604DD3 /* Pods_BookSearchAppSwiftUITests.framework */ = {isa = PBXFileReference; explicitFileType = wrapper.framework; includeInIndex = 0; path = Pods_BookSearchAppSwiftUITests.framework; sourceTree = BUILT_PRODUCTS_DIR; };
		99C11377B65374F3A403E340 /* Pods-BookSearchAppSwiftUI-BookSearchAppSwiftUIUITests.release.xcconfig */ = {isa = PBXFileReference; includeInIndex = 1; lastKnownFileType = text.xcconfig; name = "Pods-BookSearchAppSwiftUI-BookSearchAppSwiftUIUITests.release.xcconfig"; path = "Target Support Files/Pods-BookSearchAppSwiftUI-BookSearchAppSwiftUIUITests/Pods-BookSearchAppSwiftUI-BookSearchAppSwiftUIUITests.release.xcconfig"; sourceTree = "<group>"; };
		B3D2FA68CC5BA3E8E9D850BA /* Pods-BookSearchAppSwiftUITests.debug.xcconfig */ = {isa = PBXFileReference; includeInIndex = 1; lastKnownFileType = text.xcconfig; name = "Pods-BookSearchAppSwiftUITests.debug.xcconfig"; path = "Target Support Files/Pods-BookSearchAppSwiftUITests/Pods-BookSearchAppSwiftUITests.debug.xcconfig"; sourceTree = "<group>"; };
		B7AEA24A2A282664009069C6 /* BookSearchAppSwiftUI.app */ = {isa = PBXFileReference; explicitFileType = wrapper.application; includeInIndex = 0; path = BookSearchAppSwiftUI.app; sourceTree = BUILT_PRODUCTS_DIR; };
		B7AEA24D2A282664009069C6 /* BookSearchAppSwiftUIApp.swift */ = {isa = PBXFileReference; lastKnownFileType = sourcecode.swift; path = BookSearchAppSwiftUIApp.swift; sourceTree = "<group>"; };
		B7AEA2512A282665009069C6 /* Assets.xcassets */ = {isa = PBXFileReference; lastKnownFileType = folder.assetcatalog; path = Assets.xcassets; sourceTree = "<group>"; };
		B7AEA2542A282665009069C6 /* Preview Assets.xcassets */ = {isa = PBXFileReference; lastKnownFileType = folder.assetcatalog; path = "Preview Assets.xcassets"; sourceTree = "<group>"; };
		B7AEA25A2A282666009069C6 /* BookSearchAppSwiftUITests.xctest */ = {isa = PBXFileReference; explicitFileType = wrapper.cfbundle; includeInIndex = 0; path = BookSearchAppSwiftUITests.xctest; sourceTree = BUILT_PRODUCTS_DIR; };
		B7AEA25E2A282666009069C6 /* BookSearchAppSwiftUITests.swift */ = {isa = PBXFileReference; lastKnownFileType = sourcecode.swift; path = BookSearchAppSwiftUITests.swift; sourceTree = "<group>"; };
		B7AEA2642A282666009069C6 /* BookSearchAppSwiftUIUITests.xctest */ = {isa = PBXFileReference; explicitFileType = wrapper.cfbundle; includeInIndex = 0; path = BookSearchAppSwiftUIUITests.xctest; sourceTree = BUILT_PRODUCTS_DIR; };
		B7AEA2682A282666009069C6 /* BookSearchAppSwiftUIUITests.swift */ = {isa = PBXFileReference; lastKnownFileType = sourcecode.swift; path = BookSearchAppSwiftUIUITests.swift; sourceTree = "<group>"; };
		B7AEA26A2A282666009069C6 /* BookSearchAppSwiftUIUITestsLaunchTests.swift */ = {isa = PBXFileReference; lastKnownFileType = sourcecode.swift; path = BookSearchAppSwiftUIUITestsLaunchTests.swift; sourceTree = "<group>"; };
		B7AEA2802A29B9E9009069C6 /* Constants.swift */ = {isa = PBXFileReference; lastKnownFileType = sourcecode.swift; path = Constants.swift; sourceTree = "<group>"; };
		B7D981572A31FC5700EF725F /* BooksSearchResponceModel.swift */ = {isa = PBXFileReference; lastKnownFileType = sourcecode.swift; path = BooksSearchResponceModel.swift; sourceTree = "<group>"; };
		B7D981602A344CB300EF725F /* PKHUDView.swift */ = {isa = PBXFileReference; lastKnownFileType = sourcecode.swift; path = PKHUDView.swift; sourceTree = "<group>"; };
		B7D981632A344CE300EF725F /* PKHUDModifire.swift */ = {isa = PBXFileReference; lastKnownFileType = sourcecode.swift; path = PKHUDModifire.swift; sourceTree = "<group>"; };
		B7D981662A344D0300EF725F /* PKHUD.swift */ = {isa = PBXFileReference; lastKnownFileType = sourcecode.swift; path = PKHUD.swift; sourceTree = "<group>"; };
		B7D9816D2A3466DF00EF725F /* Info.plist */ = {isa = PBXFileReference; lastKnownFileType = text.plist.xml; path = Info.plist; sourceTree = "<group>"; };
		B7D9816E2A34A20F00EF725F /* RealmBookData.swift */ = {isa = PBXFileReference; lastKnownFileType = sourcecode.swift; path = RealmBookData.swift; sourceTree = "<group>"; };
		B7D981702A34A2E000EF725F /* RealmViewModel.swift */ = {isa = PBXFileReference; lastKnownFileType = sourcecode.swift; path = RealmViewModel.swift; sourceTree = "<group>"; };
		B7D981722A34A31400EF725F /* RealmBookModel.swift */ = {isa = PBXFileReference; lastKnownFileType = sourcecode.swift; path = RealmBookModel.swift; sourceTree = "<group>"; };
		B7D981752A35A88F00EF725F /* AlertEntity.swift */ = {isa = PBXFileReference; lastKnownFileType = sourcecode.swift; path = AlertEntity.swift; sourceTree = "<group>"; };
		B7D981772A35A8A500EF725F /* CustomAlertView.swift */ = {isa = PBXFileReference; lastKnownFileType = sourcecode.swift; path = CustomAlertView.swift; sourceTree = "<group>"; };
		B7D981792A35AB7C00EF725F /* Extensions.swift */ = {isa = PBXFileReference; lastKnownFileType = sourcecode.swift; path = Extensions.swift; sourceTree = "<group>"; };
		B7D9817B2A35AE6300EF725F /* AlertViewModel.swift */ = {isa = PBXFileReference; lastKnownFileType = sourcecode.swift; path = AlertViewModel.swift; sourceTree = "<group>"; };
		B7EAA57A2AAA0BEC00082737 /* APIClient.swift */ = {isa = PBXFileReference; fileEncoding = 4; lastKnownFileType = sourcecode.swift; path = APIClient.swift; sourceTree = "<group>"; };
		B7EAA57B2AAA0BEC00082737 /* APIRequest.swift */ = {isa = PBXFileReference; fileEncoding = 4; lastKnownFileType = sourcecode.swift; path = APIRequest.swift; sourceTree = "<group>"; };
		B7EAA57F2AAA0BF700082737 /* BookDetailView.swift */ = {isa = PBXFileReference; fileEncoding = 4; lastKnownFileType = sourcecode.swift; path = BookDetailView.swift; sourceTree = "<group>"; };
		B7EAA5802AAA0BF700082737 /* EmptyView.swift */ = {isa = PBXFileReference; fileEncoding = 4; lastKnownFileType = sourcecode.swift; path = EmptyView.swift; sourceTree = "<group>"; };
		B7EAA5812AAA0BF700082737 /* BooksListView.swift */ = {isa = PBXFileReference; fileEncoding = 4; lastKnownFileType = sourcecode.swift; path = BooksListView.swift; sourceTree = "<group>"; };
		B7EAA5822AAA0BF700082737 /* BookDescriptionView.swift */ = {isa = PBXFileReference; fileEncoding = 4; lastKnownFileType = sourcecode.swift; path = BookDescriptionView.swift; sourceTree = "<group>"; };
		B7EAA5832AAA0BF700082737 /* BookListViewModel.swift */ = {isa = PBXFileReference; fileEncoding = 4; lastKnownFileType = sourcecode.swift; path = BookListViewModel.swift; sourceTree = "<group>"; };
		B7EAA5842AAA0BF700082737 /* ContentView.swift */ = {isa = PBXFileReference; fileEncoding = 4; lastKnownFileType = sourcecode.swift; path = ContentView.swift; sourceTree = "<group>"; };
		B7EAA5852AAA0BF700082737 /* FavoritesListView.swift */ = {isa = PBXFileReference; fileEncoding = 4; lastKnownFileType = sourcecode.swift; path = FavoritesListView.swift; sourceTree = "<group>"; };
		C29BD669B6BE061443266B0D /* Pods_BookSearchAppSwiftUI.framework */ = {isa = PBXFileReference; explicitFileType = wrapper.framework; includeInIndex = 0; path = Pods_BookSearchAppSwiftUI.framework; sourceTree = BUILT_PRODUCTS_DIR; };
		FBC08429602738B78C9A4CDC /* Pods-BookSearchAppSwiftUITests.release.xcconfig */ = {isa = PBXFileReference; includeInIndex = 1; lastKnownFileType = text.xcconfig; name = "Pods-BookSearchAppSwiftUITests.release.xcconfig"; path = "Target Support Files/Pods-BookSearchAppSwiftUITests/Pods-BookSearchAppSwiftUITests.release.xcconfig"; sourceTree = "<group>"; };
/* End PBXFileReference section */

/* Begin PBXFrameworksBuildPhase section */
		B7AEA2472A282664009069C6 /* Frameworks */ = {
			isa = PBXFrameworksBuildPhase;
			buildActionMask = 2147483647;
			files = (
				85C83A5995E702A4793B398C /* Pods_BookSearchAppSwiftUI.framework in Frameworks */,
			);
			runOnlyForDeploymentPostprocessing = 0;
		};
		B7AEA2572A282666009069C6 /* Frameworks */ = {
			isa = PBXFrameworksBuildPhase;
			buildActionMask = 2147483647;
			files = (
				B43F072A4760AB456E674759 /* Pods_BookSearchAppSwiftUITests.framework in Frameworks */,
			);
			runOnlyForDeploymentPostprocessing = 0;
		};
		B7AEA2612A282666009069C6 /* Frameworks */ = {
			isa = PBXFrameworksBuildPhase;
			buildActionMask = 2147483647;
			files = (
				B11C8CDB188DFA4970267F29 /* Pods_BookSearchAppSwiftUI_BookSearchAppSwiftUIUITests.framework in Frameworks */,
			);
			runOnlyForDeploymentPostprocessing = 0;
		};
/* End PBXFrameworksBuildPhase section */

/* Begin PBXGroup section */
		89C31D93AEAC98832DD2FAA5 /* Frameworks */ = {
			isa = PBXGroup;
			children = (
				C29BD669B6BE061443266B0D /* Pods_BookSearchAppSwiftUI.framework */,
				49F6A8D83D1BA9DBB1B5CF1A /* Pods_BookSearchAppSwiftUI_BookSearchAppSwiftUIUITests.framework */,
				950A1C6FC3399023FF604DD3 /* Pods_BookSearchAppSwiftUITests.framework */,
			);
			name = Frameworks;
			sourceTree = "<group>";
		};
		B37D5D6CF69A07A430A8CB25 /* Pods */ = {
			isa = PBXGroup;
			children = (
				3A40A576E96D2937F320D264 /* Pods-BookSearchAppSwiftUI.debug.xcconfig */,
				87A297111F29E217D5DABF98 /* Pods-BookSearchAppSwiftUI.release.xcconfig */,
				19248B96EAFCCEB2673281DF /* Pods-BookSearchAppSwiftUI-BookSearchAppSwiftUIUITests.debug.xcconfig */,
				99C11377B65374F3A403E340 /* Pods-BookSearchAppSwiftUI-BookSearchAppSwiftUIUITests.release.xcconfig */,
				B3D2FA68CC5BA3E8E9D850BA /* Pods-BookSearchAppSwiftUITests.debug.xcconfig */,
				FBC08429602738B78C9A4CDC /* Pods-BookSearchAppSwiftUITests.release.xcconfig */,
			);
			path = Pods;
			sourceTree = "<group>";
		};
		B7AEA2412A282664009069C6 = {
			isa = PBXGroup;
			children = (
				B7AEA24C2A282664009069C6 /* BookSearchAppSwiftUI */,
				B7AEA25D2A282666009069C6 /* BookSearchAppSwiftUITests */,
				B7AEA2672A282666009069C6 /* BookSearchAppSwiftUIUITests */,
				B7AEA24B2A282664009069C6 /* Products */,
				B37D5D6CF69A07A430A8CB25 /* Pods */,
				89C31D93AEAC98832DD2FAA5 /* Frameworks */,
			);
			sourceTree = "<group>";
		};
		B7AEA24B2A282664009069C6 /* Products */ = {
			isa = PBXGroup;
			children = (
				B7AEA24A2A282664009069C6 /* BookSearchAppSwiftUI.app */,
				B7AEA25A2A282666009069C6 /* BookSearchAppSwiftUITests.xctest */,
				B7AEA2642A282666009069C6 /* BookSearchAppSwiftUIUITests.xctest */,
			);
			name = Products;
			sourceTree = "<group>";
		};
		B7AEA24C2A282664009069C6 /* BookSearchAppSwiftUI */ = {
			isa = PBXGroup;
			children = (
				B7AEA24D2A282664009069C6 /* BookSearchAppSwiftUIApp.swift */,
				B7AEA2802A29B9E9009069C6 /* Constants.swift */,
				B7D981572A31FC5700EF725F /* BooksSearchResponceModel.swift */,
				B7D981792A35AB7C00EF725F /* Extensions.swift */,
				B7EAA57E2AAA0BF700082737 /* View */,
				B7EAA5792AAA0BEC00082737 /* API */,
				B7D981742A35A86B00EF725F /* Alert */,
				B7D981682A34614E00EF725F /* Database */,
				B7D9815F2A344C8D00EF725F /* PKHUD */,
				B7AEA2512A282665009069C6 /* Assets.xcassets */,
				B7D9816D2A3466DF00EF725F /* Info.plist */,
				B7AEA2532A282665009069C6 /* Preview Content */,
			);
			path = BookSearchAppSwiftUI;
			sourceTree = "<group>";
		};
		B7AEA2532A282665009069C6 /* Preview Content */ = {
			isa = PBXGroup;
			children = (
				B7AEA2542A282665009069C6 /* Preview Assets.xcassets */,
			);
			path = "Preview Content";
			sourceTree = "<group>";
		};
		B7AEA25D2A282666009069C6 /* BookSearchAppSwiftUITests */ = {
			isa = PBXGroup;
			children = (
				B7AEA25E2A282666009069C6 /* BookSearchAppSwiftUITests.swift */,
			);
			path = BookSearchAppSwiftUITests;
			sourceTree = "<group>";
		};
		B7AEA2672A282666009069C6 /* BookSearchAppSwiftUIUITests */ = {
			isa = PBXGroup;
			children = (
				B7AEA2682A282666009069C6 /* BookSearchAppSwiftUIUITests.swift */,
				B7AEA26A2A282666009069C6 /* BookSearchAppSwiftUIUITestsLaunchTests.swift */,
			);
			path = BookSearchAppSwiftUIUITests;
			sourceTree = "<group>";
		};
		B7D9815F2A344C8D00EF725F /* PKHUD */ = {
			isa = PBXGroup;
			children = (
				B7D981602A344CB300EF725F /* PKHUDView.swift */,
				B7D981632A344CE300EF725F /* PKHUDModifire.swift */,
				B7D981662A344D0300EF725F /* PKHUD.swift */,
			);
			path = PKHUD;
			sourceTree = "<group>";
		};
		B7D981682A34614E00EF725F /* Database */ = {
			isa = PBXGroup;
			children = (
				B7D9816E2A34A20F00EF725F /* RealmBookData.swift */,
				B7D981702A34A2E000EF725F /* RealmViewModel.swift */,
				B7D981722A34A31400EF725F /* RealmBookModel.swift */,
			);
			path = Database;
			sourceTree = "<group>";
		};
		B7D981742A35A86B00EF725F /* Alert */ = {
			isa = PBXGroup;
			children = (
				B7D981752A35A88F00EF725F /* AlertEntity.swift */,
				B7D981772A35A8A500EF725F /* CustomAlertView.swift */,
				B7D9817B2A35AE6300EF725F /* AlertViewModel.swift */,
			);
			path = Alert;
			sourceTree = "<group>";
		};
		B7EAA5792AAA0BEC00082737 /* API */ = {
			isa = PBXGroup;
			children = (
				B7EAA57A2AAA0BEC00082737 /* APIClient.swift */,
				B7EAA57B2AAA0BEC00082737 /* APIRequest.swift */,
			);
			path = API;
			sourceTree = "<group>";
		};
		B7EAA57E2AAA0BF700082737 /* View */ = {
			isa = PBXGroup;
			children = (
				B7EAA57F2AAA0BF700082737 /* BookDetailView.swift */,
				B7EAA5802AAA0BF700082737 /* EmptyView.swift */,
				B7EAA5812AAA0BF700082737 /* BooksListView.swift */,
				B7EAA5822AAA0BF700082737 /* BookDescriptionView.swift */,
				B7EAA5832AAA0BF700082737 /* BookListViewModel.swift */,
				B7EAA5842AAA0BF700082737 /* ContentView.swift */,
				B7EAA5852AAA0BF700082737 /* FavoritesListView.swift */,
			);
			path = View;
			sourceTree = "<group>";
		};
/* End PBXGroup section */

/* Begin PBXNativeTarget section */
		B7AEA2492A282664009069C6 /* BookSearchAppSwiftUI */ = {
			isa = PBXNativeTarget;
			buildConfigurationList = B7AEA26E2A282666009069C6 /* Build configuration list for PBXNativeTarget "BookSearchAppSwiftUI" */;
			buildPhases = (
				79115F1863C8A30C6942937D /* [CP] Check Pods Manifest.lock */,
				B7AEA2462A282664009069C6 /* Sources */,
				B7AEA2472A282664009069C6 /* Frameworks */,
				B7AEA2482A282664009069C6 /* Resources */,
				E17218B457846BEE93BE5F30 /* [CP] Embed Pods Frameworks */,
			);
			buildRules = (
			);
			dependencies = (
			);
			name = BookSearchAppSwiftUI;
			productName = BookSearchAppSwiftUI;
			productReference = B7AEA24A2A282664009069C6 /* BookSearchAppSwiftUI.app */;
			productType = "com.apple.product-type.application";
		};
		B7AEA2592A282666009069C6 /* BookSearchAppSwiftUITests */ = {
			isa = PBXNativeTarget;
			buildConfigurationList = B7AEA2712A282666009069C6 /* Build configuration list for PBXNativeTarget "BookSearchAppSwiftUITests" */;
			buildPhases = (
				55A51A3F75FDE5F7ED0B7C78 /* [CP] Check Pods Manifest.lock */,
				B7AEA2562A282666009069C6 /* Sources */,
				B7AEA2572A282666009069C6 /* Frameworks */,
				B7AEA2582A282666009069C6 /* Resources */,
			);
			buildRules = (
			);
			dependencies = (
				B7AEA25C2A282666009069C6 /* PBXTargetDependency */,
			);
			name = BookSearchAppSwiftUITests;
			productName = BookSearchAppSwiftUITests;
			productReference = B7AEA25A2A282666009069C6 /* BookSearchAppSwiftUITests.xctest */;
			productType = "com.apple.product-type.bundle.unit-test";
		};
		B7AEA2632A282666009069C6 /* BookSearchAppSwiftUIUITests */ = {
			isa = PBXNativeTarget;
			buildConfigurationList = B7AEA2742A282666009069C6 /* Build configuration list for PBXNativeTarget "BookSearchAppSwiftUIUITests" */;
			buildPhases = (
				438E0B7425E8E289367CAE5E /* [CP] Check Pods Manifest.lock */,
				B7AEA2602A282666009069C6 /* Sources */,
				B7AEA2612A282666009069C6 /* Frameworks */,
				B7AEA2622A282666009069C6 /* Resources */,
				E3EE8DE85BCDECCBFEE2AAEE /* [CP] Embed Pods Frameworks */,
			);
			buildRules = (
			);
			dependencies = (
				B7AEA2662A282666009069C6 /* PBXTargetDependency */,
			);
			name = BookSearchAppSwiftUIUITests;
			productName = BookSearchAppSwiftUIUITests;
			productReference = B7AEA2642A282666009069C6 /* BookSearchAppSwiftUIUITests.xctest */;
			productType = "com.apple.product-type.bundle.ui-testing";
		};
/* End PBXNativeTarget section */

/* Begin PBXProject section */
		B7AEA2422A282664009069C6 /* Project object */ = {
			isa = PBXProject;
			attributes = {
				BuildIndependentTargetsInParallel = 1;
				LastSwiftUpdateCheck = 1430;
				LastUpgradeCheck = 1430;
				TargetAttributes = {
					B7AEA2492A282664009069C6 = {
						CreatedOnToolsVersion = 14.3;
					};
					B7AEA2592A282666009069C6 = {
						CreatedOnToolsVersion = 14.3;
						TestTargetID = B7AEA2492A282664009069C6;
					};
					B7AEA2632A282666009069C6 = {
						CreatedOnToolsVersion = 14.3;
						TestTargetID = B7AEA2492A282664009069C6;
					};
				};
			};
			buildConfigurationList = B7AEA2452A282664009069C6 /* Build configuration list for PBXProject "BookSearchAppSwiftUI" */;
			compatibilityVersion = "Xcode 14.0";
			developmentRegion = en;
			hasScannedForEncodings = 0;
			knownRegions = (
				en,
				Base,
			);
			mainGroup = B7AEA2412A282664009069C6;
			productRefGroup = B7AEA24B2A282664009069C6 /* Products */;
			projectDirPath = "";
			projectRoot = "";
			targets = (
				B7AEA2492A282664009069C6 /* BookSearchAppSwiftUI */,
				B7AEA2592A282666009069C6 /* BookSearchAppSwiftUITests */,
				B7AEA2632A282666009069C6 /* BookSearchAppSwiftUIUITests */,
			);
		};
/* End PBXProject section */

/* Begin PBXResourcesBuildPhase section */
		B7AEA2482A282664009069C6 /* Resources */ = {
			isa = PBXResourcesBuildPhase;
			buildActionMask = 2147483647;
			files = (
				B7AEA2552A282665009069C6 /* Preview Assets.xcassets in Resources */,
				B7AEA2522A282665009069C6 /* Assets.xcassets in Resources */,
			);
			runOnlyForDeploymentPostprocessing = 0;
		};
		B7AEA2582A282666009069C6 /* Resources */ = {
			isa = PBXResourcesBuildPhase;
			buildActionMask = 2147483647;
			files = (
			);
			runOnlyForDeploymentPostprocessing = 0;
		};
		B7AEA2622A282666009069C6 /* Resources */ = {
			isa = PBXResourcesBuildPhase;
			buildActionMask = 2147483647;
			files = (
			);
			runOnlyForDeploymentPostprocessing = 0;
		};
/* End PBXResourcesBuildPhase section */

/* Begin PBXShellScriptBuildPhase section */
		438E0B7425E8E289367CAE5E /* [CP] Check Pods Manifest.lock */ = {
			isa = PBXShellScriptBuildPhase;
			buildActionMask = 2147483647;
			files = (
			);
			inputFileListPaths = (
			);
			inputPaths = (
				"${PODS_PODFILE_DIR_PATH}/Podfile.lock",
				"${PODS_ROOT}/Manifest.lock",
			);
			name = "[CP] Check Pods Manifest.lock";
			outputFileListPaths = (
			);
			outputPaths = (
				"$(DERIVED_FILE_DIR)/Pods-BookSearchAppSwiftUI-BookSearchAppSwiftUIUITests-checkManifestLockResult.txt",
			);
			runOnlyForDeploymentPostprocessing = 0;
			shellPath = /bin/sh;
			shellScript = "diff \"${PODS_PODFILE_DIR_PATH}/Podfile.lock\" \"${PODS_ROOT}/Manifest.lock\" > /dev/null\nif [ $? != 0 ] ; then\n    # print error to STDERR\n    echo \"error: The sandbox is not in sync with the Podfile.lock. Run 'pod install' or update your CocoaPods installation.\" >&2\n    exit 1\nfi\n# This output is used by Xcode 'outputs' to avoid re-running this script phase.\necho \"SUCCESS\" > \"${SCRIPT_OUTPUT_FILE_0}\"\n";
			showEnvVarsInLog = 0;
		};
		55A51A3F75FDE5F7ED0B7C78 /* [CP] Check Pods Manifest.lock */ = {
			isa = PBXShellScriptBuildPhase;
			buildActionMask = 2147483647;
			files = (
			);
			inputFileListPaths = (
			);
			inputPaths = (
				"${PODS_PODFILE_DIR_PATH}/Podfile.lock",
				"${PODS_ROOT}/Manifest.lock",
			);
			name = "[CP] Check Pods Manifest.lock";
			outputFileListPaths = (
			);
			outputPaths = (
				"$(DERIVED_FILE_DIR)/Pods-BookSearchAppSwiftUITests-checkManifestLockResult.txt",
			);
			runOnlyForDeploymentPostprocessing = 0;
			shellPath = /bin/sh;
			shellScript = "diff \"${PODS_PODFILE_DIR_PATH}/Podfile.lock\" \"${PODS_ROOT}/Manifest.lock\" > /dev/null\nif [ $? != 0 ] ; then\n    # print error to STDERR\n    echo \"error: The sandbox is not in sync with the Podfile.lock. Run 'pod install' or update your CocoaPods installation.\" >&2\n    exit 1\nfi\n# This output is used by Xcode 'outputs' to avoid re-running this script phase.\necho \"SUCCESS\" > \"${SCRIPT_OUTPUT_FILE_0}\"\n";
			showEnvVarsInLog = 0;
		};
		79115F1863C8A30C6942937D /* [CP] Check Pods Manifest.lock */ = {
			isa = PBXShellScriptBuildPhase;
			buildActionMask = 2147483647;
			files = (
			);
			inputFileListPaths = (
			);
			inputPaths = (
				"${PODS_PODFILE_DIR_PATH}/Podfile.lock",
				"${PODS_ROOT}/Manifest.lock",
			);
			name = "[CP] Check Pods Manifest.lock";
			outputFileListPaths = (
			);
			outputPaths = (
				"$(DERIVED_FILE_DIR)/Pods-BookSearchAppSwiftUI-checkManifestLockResult.txt",
			);
			runOnlyForDeploymentPostprocessing = 0;
			shellPath = /bin/sh;
			shellScript = "diff \"${PODS_PODFILE_DIR_PATH}/Podfile.lock\" \"${PODS_ROOT}/Manifest.lock\" > /dev/null\nif [ $? != 0 ] ; then\n    # print error to STDERR\n    echo \"error: The sandbox is not in sync with the Podfile.lock. Run 'pod install' or update your CocoaPods installation.\" >&2\n    exit 1\nfi\n# This output is used by Xcode 'outputs' to avoid re-running this script phase.\necho \"SUCCESS\" > \"${SCRIPT_OUTPUT_FILE_0}\"\n";
			showEnvVarsInLog = 0;
		};
		E17218B457846BEE93BE5F30 /* [CP] Embed Pods Frameworks */ = {
			isa = PBXShellScriptBuildPhase;
			buildActionMask = 2147483647;
			files = (
			);
			inputFileListPaths = (
				"${PODS_ROOT}/Target Support Files/Pods-BookSearchAppSwiftUI/Pods-BookSearchAppSwiftUI-frameworks-${CONFIGURATION}-input-files.xcfilelist",
			);
			name = "[CP] Embed Pods Frameworks";
			outputFileListPaths = (
				"${PODS_ROOT}/Target Support Files/Pods-BookSearchAppSwiftUI/Pods-BookSearchAppSwiftUI-frameworks-${CONFIGURATION}-output-files.xcfilelist",
			);
			runOnlyForDeploymentPostprocessing = 0;
			shellPath = /bin/sh;
			shellScript = "\"${PODS_ROOT}/Target Support Files/Pods-BookSearchAppSwiftUI/Pods-BookSearchAppSwiftUI-frameworks.sh\"\n";
			showEnvVarsInLog = 0;
		};
		E3EE8DE85BCDECCBFEE2AAEE /* [CP] Embed Pods Frameworks */ = {
			isa = PBXShellScriptBuildPhase;
			buildActionMask = 2147483647;
			files = (
			);
			inputFileListPaths = (
				"${PODS_ROOT}/Target Support Files/Pods-BookSearchAppSwiftUI-BookSearchAppSwiftUIUITests/Pods-BookSearchAppSwiftUI-BookSearchAppSwiftUIUITests-frameworks-${CONFIGURATION}-input-files.xcfilelist",
			);
			name = "[CP] Embed Pods Frameworks";
			outputFileListPaths = (
				"${PODS_ROOT}/Target Support Files/Pods-BookSearchAppSwiftUI-BookSearchAppSwiftUIUITests/Pods-BookSearchAppSwiftUI-BookSearchAppSwiftUIUITests-frameworks-${CONFIGURATION}-output-files.xcfilelist",
			);
			runOnlyForDeploymentPostprocessing = 0;
			shellPath = /bin/sh;
			shellScript = "\"${PODS_ROOT}/Target Support Files/Pods-BookSearchAppSwiftUI-BookSearchAppSwiftUIUITests/Pods-BookSearchAppSwiftUI-BookSearchAppSwiftUIUITests-frameworks.sh\"\n";
			showEnvVarsInLog = 0;
		};
/* End PBXShellScriptBuildPhase section */

/* Begin PBXSourcesBuildPhase section */
		B7AEA2462A282664009069C6 /* Sources */ = {
			isa = PBXSourcesBuildPhase;
			buildActionMask = 2147483647;
			files = (
				B7D981672A344D0300EF725F /* PKHUD.swift in Sources */,
				B7EAA57C2AAA0BEC00082737 /* APIClient.swift in Sources */,
				B7EAA58B2AAA0BF700082737 /* ContentView.swift in Sources */,
				B7D981732A34A31400EF725F /* RealmBookModel.swift in Sources */,
				B7D9817C2A35AE6300EF725F /* AlertViewModel.swift in Sources */,
				B7D981612A344CB300EF725F /* PKHUDView.swift in Sources */,
				B7EAA58C2AAA0BF700082737 /* FavoritesListView.swift in Sources */,
				B7D9816F2A34A20F00EF725F /* RealmBookData.swift in Sources */,
				B7D981782A35A8A500EF725F /* CustomAlertView.swift in Sources */,
				B7EAA5872AAA0BF700082737 /* EmptyView.swift in Sources */,
				B7AEA2812A29B9E9009069C6 /* Constants.swift in Sources */,
				B7EAA58A2AAA0BF700082737 /* BookListViewModel.swift in Sources */,
				B7EAA5862AAA0BF700082737 /* BookDetailView.swift in Sources */,
				B7D981762A35A88F00EF725F /* AlertEntity.swift in Sources */,
				B7D9817A2A35AB7C00EF725F /* Extensions.swift in Sources */,
				B7D981582A31FC5700EF725F /* BooksSearchResponceModel.swift in Sources */,
				B7AEA24E2A282664009069C6 /* BookSearchAppSwiftUIApp.swift in Sources */,
				B7D981712A34A2E000EF725F /* RealmViewModel.swift in Sources */,
				B7EAA57D2AAA0BEC00082737 /* APIRequest.swift in Sources */,
				B7EAA5892AAA0BF700082737 /* BookDescriptionView.swift in Sources */,
				B7D981642A344CE300EF725F /* PKHUDModifire.swift in Sources */,
				B7EAA5882AAA0BF700082737 /* BooksListView.swift in Sources */,
			);
			runOnlyForDeploymentPostprocessing = 0;
		};
		B7AEA2562A282666009069C6 /* Sources */ = {
			isa = PBXSourcesBuildPhase;
			buildActionMask = 2147483647;
			files = (
				B7AEA25F2A282666009069C6 /* BookSearchAppSwiftUITests.swift in Sources */,
			);
			runOnlyForDeploymentPostprocessing = 0;
		};
		B7AEA2602A282666009069C6 /* Sources */ = {
			isa = PBXSourcesBuildPhase;
			buildActionMask = 2147483647;
			files = (
				B7AEA2692A282666009069C6 /* BookSearchAppSwiftUIUITests.swift in Sources */,
				B7AEA26B2A282666009069C6 /* BookSearchAppSwiftUIUITestsLaunchTests.swift in Sources */,
			);
			runOnlyForDeploymentPostprocessing = 0;
		};
/* End PBXSourcesBuildPhase section */

/* Begin PBXTargetDependency section */
		B7AEA25C2A282666009069C6 /* PBXTargetDependency */ = {
			isa = PBXTargetDependency;
			target = B7AEA2492A282664009069C6 /* BookSearchAppSwiftUI */;
			targetProxy = B7AEA25B2A282666009069C6 /* PBXContainerItemProxy */;
		};
		B7AEA2662A282666009069C6 /* PBXTargetDependency */ = {
			isa = PBXTargetDependency;
			target = B7AEA2492A282664009069C6 /* BookSearchAppSwiftUI */;
			targetProxy = B7AEA2652A282666009069C6 /* PBXContainerItemProxy */;
		};
/* End PBXTargetDependency section */

/* Begin XCBuildConfiguration section */
		B7AEA26C2A282666009069C6 /* Debug */ = {
			isa = XCBuildConfiguration;
			buildSettings = {
				ALWAYS_SEARCH_USER_PATHS = NO;
				CLANG_ANALYZER_NONNULL = YES;
				CLANG_ANALYZER_NUMBER_OBJECT_CONVERSION = YES_AGGRESSIVE;
				CLANG_CXX_LANGUAGE_STANDARD = "gnu++20";
				CLANG_ENABLE_MODULES = YES;
				CLANG_ENABLE_OBJC_ARC = YES;
				CLANG_ENABLE_OBJC_WEAK = YES;
				CLANG_WARN_BLOCK_CAPTURE_AUTORELEASING = YES;
				CLANG_WARN_BOOL_CONVERSION = YES;
				CLANG_WARN_COMMA = YES;
				CLANG_WARN_CONSTANT_CONVERSION = YES;
				CLANG_WARN_DEPRECATED_OBJC_IMPLEMENTATIONS = YES;
				CLANG_WARN_DIRECT_OBJC_ISA_USAGE = YES_ERROR;
				CLANG_WARN_DOCUMENTATION_COMMENTS = YES;
				CLANG_WARN_EMPTY_BODY = YES;
				CLANG_WARN_ENUM_CONVERSION = YES;
				CLANG_WARN_INFINITE_RECURSION = YES;
				CLANG_WARN_INT_CONVERSION = YES;
				CLANG_WARN_NON_LITERAL_NULL_CONVERSION = YES;
				CLANG_WARN_OBJC_IMPLICIT_RETAIN_SELF = YES;
				CLANG_WARN_OBJC_LITERAL_CONVERSION = YES;
				CLANG_WARN_OBJC_ROOT_CLASS = YES_ERROR;
				CLANG_WARN_QUOTED_INCLUDE_IN_FRAMEWORK_HEADER = YES;
				CLANG_WARN_RANGE_LOOP_ANALYSIS = YES;
				CLANG_WARN_STRICT_PROTOTYPES = YES;
				CLANG_WARN_SUSPICIOUS_MOVE = YES;
				CLANG_WARN_UNGUARDED_AVAILABILITY = YES_AGGRESSIVE;
				CLANG_WARN_UNREACHABLE_CODE = YES;
				CLANG_WARN__DUPLICATE_METHOD_MATCH = YES;
				COPY_PHASE_STRIP = NO;
				DEBUG_INFORMATION_FORMAT = dwarf;
				ENABLE_STRICT_OBJC_MSGSEND = YES;
				ENABLE_TESTABILITY = YES;
				GCC_C_LANGUAGE_STANDARD = gnu11;
				GCC_DYNAMIC_NO_PIC = NO;
				GCC_NO_COMMON_BLOCKS = YES;
				GCC_OPTIMIZATION_LEVEL = 0;
				GCC_PREPROCESSOR_DEFINITIONS = (
					"DEBUG=1",
					"$(inherited)",
				);
				GCC_WARN_64_TO_32_BIT_CONVERSION = YES;
				GCC_WARN_ABOUT_RETURN_TYPE = YES_ERROR;
				GCC_WARN_UNDECLARED_SELECTOR = YES;
				GCC_WARN_UNINITIALIZED_AUTOS = YES_AGGRESSIVE;
				GCC_WARN_UNUSED_FUNCTION = YES;
				GCC_WARN_UNUSED_VARIABLE = YES;
				IPHONEOS_DEPLOYMENT_TARGET = 16.4;
				MTL_ENABLE_DEBUG_INFO = INCLUDE_SOURCE;
				MTL_FAST_MATH = YES;
				ONLY_ACTIVE_ARCH = YES;
				SDKROOT = iphoneos;
				SWIFT_ACTIVE_COMPILATION_CONDITIONS = DEBUG;
				SWIFT_OPTIMIZATION_LEVEL = "-Onone";
			};
			name = Debug;
		};
		B7AEA26D2A282666009069C6 /* Release */ = {
			isa = XCBuildConfiguration;
			buildSettings = {
				ALWAYS_SEARCH_USER_PATHS = NO;
				CLANG_ANALYZER_NONNULL = YES;
				CLANG_ANALYZER_NUMBER_OBJECT_CONVERSION = YES_AGGRESSIVE;
				CLANG_CXX_LANGUAGE_STANDARD = "gnu++20";
				CLANG_ENABLE_MODULES = YES;
				CLANG_ENABLE_OBJC_ARC = YES;
				CLANG_ENABLE_OBJC_WEAK = YES;
				CLANG_WARN_BLOCK_CAPTURE_AUTORELEASING = YES;
				CLANG_WARN_BOOL_CONVERSION = YES;
				CLANG_WARN_COMMA = YES;
				CLANG_WARN_CONSTANT_CONVERSION = YES;
				CLANG_WARN_DEPRECATED_OBJC_IMPLEMENTATIONS = YES;
				CLANG_WARN_DIRECT_OBJC_ISA_USAGE = YES_ERROR;
				CLANG_WARN_DOCUMENTATION_COMMENTS = YES;
				CLANG_WARN_EMPTY_BODY = YES;
				CLANG_WARN_ENUM_CONVERSION = YES;
				CLANG_WARN_INFINITE_RECURSION = YES;
				CLANG_WARN_INT_CONVERSION = YES;
				CLANG_WARN_NON_LITERAL_NULL_CONVERSION = YES;
				CLANG_WARN_OBJC_IMPLICIT_RETAIN_SELF = YES;
				CLANG_WARN_OBJC_LITERAL_CONVERSION = YES;
				CLANG_WARN_OBJC_ROOT_CLASS = YES_ERROR;
				CLANG_WARN_QUOTED_INCLUDE_IN_FRAMEWORK_HEADER = YES;
				CLANG_WARN_RANGE_LOOP_ANALYSIS = YES;
				CLANG_WARN_STRICT_PROTOTYPES = YES;
				CLANG_WARN_SUSPICIOUS_MOVE = YES;
				CLANG_WARN_UNGUARDED_AVAILABILITY = YES_AGGRESSIVE;
				CLANG_WARN_UNREACHABLE_CODE = YES;
				CLANG_WARN__DUPLICATE_METHOD_MATCH = YES;
				COPY_PHASE_STRIP = NO;
				DEBUG_INFORMATION_FORMAT = "dwarf-with-dsym";
				ENABLE_NS_ASSERTIONS = NO;
				ENABLE_STRICT_OBJC_MSGSEND = YES;
				GCC_C_LANGUAGE_STANDARD = gnu11;
				GCC_NO_COMMON_BLOCKS = YES;
				GCC_WARN_64_TO_32_BIT_CONVERSION = YES;
				GCC_WARN_ABOUT_RETURN_TYPE = YES_ERROR;
				GCC_WARN_UNDECLARED_SELECTOR = YES;
				GCC_WARN_UNINITIALIZED_AUTOS = YES_AGGRESSIVE;
				GCC_WARN_UNUSED_FUNCTION = YES;
				GCC_WARN_UNUSED_VARIABLE = YES;
				IPHONEOS_DEPLOYMENT_TARGET = 16.4;
				MTL_ENABLE_DEBUG_INFO = NO;
				MTL_FAST_MATH = YES;
				SDKROOT = iphoneos;
				SWIFT_COMPILATION_MODE = wholemodule;
				SWIFT_OPTIMIZATION_LEVEL = "-O";
				VALIDATE_PRODUCT = YES;
			};
			name = Release;
		};
		B7AEA26F2A282666009069C6 /* Debug */ = {
			isa = XCBuildConfiguration;
			baseConfigurationReference = 3A40A576E96D2937F320D264 /* Pods-BookSearchAppSwiftUI.debug.xcconfig */;
			buildSettings = {
				ASSETCATALOG_COMPILER_APPICON_NAME = AppIcon;
				ASSETCATALOG_COMPILER_GLOBAL_ACCENT_COLOR_NAME = AccentColor;
				CODE_SIGN_STYLE = Automatic;
				CURRENT_PROJECT_VERSION = 1;
				DEVELOPMENT_ASSET_PATHS = "\"BookSearchAppSwiftUI/Preview Content\"";
				DEVELOPMENT_TEAM = 2RC344KPBS;
				ENABLE_PREVIEWS = YES;
				GENERATE_INFOPLIST_FILE = YES;
				INFOPLIST_FILE = BookSearchAppSwiftUI/Info.plist;
				INFOPLIST_KEY_UIApplicationSceneManifest_Generation = YES;
				INFOPLIST_KEY_UIApplicationSupportsIndirectInputEvents = YES;
				INFOPLIST_KEY_UILaunchScreen_Generation = YES;
				INFOPLIST_KEY_UISupportedInterfaceOrientations = UIInterfaceOrientationPortrait;
				INFOPLIST_KEY_UIUserInterfaceStyle = Light;
				LD_RUNPATH_SEARCH_PATHS = (
					"$(inherited)",
					"@executable_path/Frameworks",
				);
				MARKETING_VERSION = 1.0;
				PRODUCT_BUNDLE_IDENTIFIER = com.rentarou1994.BookSearchAppSwiftUI;
				PRODUCT_NAME = "$(TARGET_NAME)";
				SWIFT_EMIT_LOC_STRINGS = YES;
				SWIFT_VERSION = 5.0;
				TARGETED_DEVICE_FAMILY = "1,2";
			};
			name = Debug;
		};
		B7AEA2702A282666009069C6 /* Release */ = {
			isa = XCBuildConfiguration;
			baseConfigurationReference = 87A297111F29E217D5DABF98 /* Pods-BookSearchAppSwiftUI.release.xcconfig */;
			buildSettings = {
				ASSETCATALOG_COMPILER_APPICON_NAME = AppIcon;
				ASSETCATALOG_COMPILER_GLOBAL_ACCENT_COLOR_NAME = AccentColor;
				CODE_SIGN_STYLE = Automatic;
				CURRENT_PROJECT_VERSION = 1;
				DEVELOPMENT_ASSET_PATHS = "\"BookSearchAppSwiftUI/Preview Content\"";
				DEVELOPMENT_TEAM = 2RC344KPBS;
				ENABLE_PREVIEWS = YES;
				GENERATE_INFOPLIST_FILE = YES;
				INFOPLIST_FILE = BookSearchAppSwiftUI/Info.plist;
				INFOPLIST_KEY_UIApplicationSceneManifest_Generation = YES;
				INFOPLIST_KEY_UIApplicationSupportsIndirectInputEvents = YES;
				INFOPLIST_KEY_UILaunchScreen_Generation = YES;
				INFOPLIST_KEY_UISupportedInterfaceOrientations = UIInterfaceOrientationPortrait;
				INFOPLIST_KEY_UIUserInterfaceStyle = Light;
				LD_RUNPATH_SEARCH_PATHS = (
					"$(inherited)",
					"@executable_path/Frameworks",
				);
				MARKETING_VERSION = 1.0;
				PRODUCT_BUNDLE_IDENTIFIER = com.rentarou1994.BookSearchAppSwiftUI;
				PRODUCT_NAME = "$(TARGET_NAME)";
				SWIFT_EMIT_LOC_STRINGS = YES;
				SWIFT_VERSION = 5.0;
				TARGETED_DEVICE_FAMILY = "1,2";
			};
			name = Release;
		};
		B7AEA2722A282666009069C6 /* Debug */ = {
			isa = XCBuildConfiguration;
			baseConfigurationReference = B3D2FA68CC5BA3E8E9D850BA /* Pods-BookSearchAppSwiftUITests.debug.xcconfig */;
			buildSettings = {
				ALWAYS_EMBED_SWIFT_STANDARD_LIBRARIES = YES;
				BUNDLE_LOADER = "$(TEST_HOST)";
				CODE_SIGN_STYLE = Automatic;
				CURRENT_PROJECT_VERSION = 1;
				DEVELOPMENT_TEAM = 2RC344KPBS;
				GENERATE_INFOPLIST_FILE = YES;
				IPHONEOS_DEPLOYMENT_TARGET = 16.4;
				MARKETING_VERSION = 1.0;
				PRODUCT_BUNDLE_IDENTIFIER = com.rentarou1994.BookSearchAppSwiftUITests;
				PRODUCT_NAME = "$(TARGET_NAME)";
				SWIFT_EMIT_LOC_STRINGS = NO;
				SWIFT_VERSION = 5.0;
				TARGETED_DEVICE_FAMILY = "1,2";
				TEST_HOST = "$(BUILT_PRODUCTS_DIR)/BookSearchAppSwiftUI.app/$(BUNDLE_EXECUTABLE_FOLDER_PATH)/BookSearchAppSwiftUI";
			};
			name = Debug;
		};
		B7AEA2732A282666009069C6 /* Release */ = {
			isa = XCBuildConfiguration;
			baseConfigurationReference = FBC08429602738B78C9A4CDC /* Pods-BookSearchAppSwiftUITests.release.xcconfig */;
			buildSettings = {
				ALWAYS_EMBED_SWIFT_STANDARD_LIBRARIES = YES;
				BUNDLE_LOADER = "$(TEST_HOST)";
				CODE_SIGN_STYLE = Automatic;
				CURRENT_PROJECT_VERSION = 1;
				DEVELOPMENT_TEAM = 2RC344KPBS;
				GENERATE_INFOPLIST_FILE = YES;
				IPHONEOS_DEPLOYMENT_TARGET = 16.4;
				MARKETING_VERSION = 1.0;
				PRODUCT_BUNDLE_IDENTIFIER = com.rentarou1994.BookSearchAppSwiftUITests;
				PRODUCT_NAME = "$(TARGET_NAME)";
				SWIFT_EMIT_LOC_STRINGS = NO;
				SWIFT_VERSION = 5.0;
				TARGETED_DEVICE_FAMILY = "1,2";
				TEST_HOST = "$(BUILT_PRODUCTS_DIR)/BookSearchAppSwiftUI.app/$(BUNDLE_EXECUTABLE_FOLDER_PATH)/BookSearchAppSwiftUI";
			};
			name = Release;
		};
		B7AEA2752A282666009069C6 /* Debug */ = {
			isa = XCBuildConfiguration;
			baseConfigurationReference = 19248B96EAFCCEB2673281DF /* Pods-BookSearchAppSwiftUI-BookSearchAppSwiftUIUITests.debug.xcconfig */;
			buildSettings = {
				ALWAYS_EMBED_SWIFT_STANDARD_LIBRARIES = YES;
				CODE_SIGN_STYLE = Automatic;
				CURRENT_PROJECT_VERSION = 1;
				DEVELOPMENT_TEAM = 2RC344KPBS;
				GENERATE_INFOPLIST_FILE = YES;
				MARKETING_VERSION = 1.0;
				PRODUCT_BUNDLE_IDENTIFIER = com.rentarou1994.BookSearchAppSwiftUIUITests;
				PRODUCT_NAME = "$(TARGET_NAME)";
				SWIFT_EMIT_LOC_STRINGS = NO;
				SWIFT_VERSION = 5.0;
				TARGETED_DEVICE_FAMILY = "1,2";
				TEST_TARGET_NAME = BookSearchAppSwiftUI;
			};
			name = Debug;
		};
		B7AEA2762A282666009069C6 /* Release */ = {
			isa = XCBuildConfiguration;
			baseConfigurationReference = 99C11377B65374F3A403E340 /* Pods-BookSearchAppSwiftUI-BookSearchAppSwiftUIUITests.release.xcconfig */;
			buildSettings = {
				ALWAYS_EMBED_SWIFT_STANDARD_LIBRARIES = YES;
				CODE_SIGN_STYLE = Automatic;
				CURRENT_PROJECT_VERSION = 1;
				DEVELOPMENT_TEAM = 2RC344KPBS;
				GENERATE_INFOPLIST_FILE = YES;
				MARKETING_VERSION = 1.0;
				PRODUCT_BUNDLE_IDENTIFIER = com.rentarou1994.BookSearchAppSwiftUIUITests;
				PRODUCT_NAME = "$(TARGET_NAME)";
				SWIFT_EMIT_LOC_STRINGS = NO;
				SWIFT_VERSION = 5.0;
				TARGETED_DEVICE_FAMILY = "1,2";
				TEST_TARGET_NAME = BookSearchAppSwiftUI;
			};
			name = Release;
		};
/* End XCBuildConfiguration section */

/* Begin XCConfigurationList section */
		B7AEA2452A282664009069C6 /* Build configuration list for PBXProject "BookSearchAppSwiftUI" */ = {
			isa = XCConfigurationList;
			buildConfigurations = (
				B7AEA26C2A282666009069C6 /* Debug */,
				B7AEA26D2A282666009069C6 /* Release */,
			);
			defaultConfigurationIsVisible = 0;
			defaultConfigurationName = Release;
		};
		B7AEA26E2A282666009069C6 /* Build configuration list for PBXNativeTarget "BookSearchAppSwiftUI" */ = {
			isa = XCConfigurationList;
			buildConfigurations = (
				B7AEA26F2A282666009069C6 /* Debug */,
				B7AEA2702A282666009069C6 /* Release */,
			);
			defaultConfigurationIsVisible = 0;
			defaultConfigurationName = Release;
		};
		B7AEA2712A282666009069C6 /* Build configuration list for PBXNativeTarget "BookSearchAppSwiftUITests" */ = {
			isa = XCConfigurationList;
			buildConfigurations = (
				B7AEA2722A282666009069C6 /* Debug */,
				B7AEA2732A282666009069C6 /* Release */,
			);
			defaultConfigurationIsVisible = 0;
			defaultConfigurationName = Release;
		};
		B7AEA2742A282666009069C6 /* Build configuration list for PBXNativeTarget "BookSearchAppSwiftUIUITests" */ = {
			isa = XCConfigurationList;
			buildConfigurations = (
				B7AEA2752A282666009069C6 /* Debug */,
				B7AEA2762A282666009069C6 /* Release */,
			);
			defaultConfigurationIsVisible = 0;
			defaultConfigurationName = Release;
		};
/* End XCConfigurationList section */
	};
	rootObject = B7AEA2422A282664009069C6 /* Project object */;
}
